
Microsoft Visual Studio Solution File, Format Version 12.00
# Visual Studio Version 17
VisualStudioVersion = 17.5.002.0
MinimumVisualStudioVersion = 10.0.40219.1
Project("{9A19103F-16F7-4668-BE54-9A1E7A4F7556}") = "QiitaAutoPost", "src\QiitaAutoPost.csproj", "{C3AB734D-34D2-43C6-A5F5-D32E48498C62}"
EndProject
Global
	GlobalSection(SolutionConfigurationPlatforms) = preSolution
		Debug|Any CPU = Debug|Any CPU
		Release|Any CPU = Release|Any CPU
	EndGlobalSection
	GlobalSection(ProjectConfigurationPlatforms) = postSolution
		{C3AB734D-34D2-43C6-A5F5-D32E48498C62}.Debug|Any CPU.ActiveCfg = Debug|Any CPU
		{C3AB734D-34D2-43C6-A5F5-D32E48498C62}.Debug|Any CPU.Build.0 = Debug|Any CPU
		{C3AB734D-34D2-43C6-A5F5-D32E48498C62}.Release|Any CPU.ActiveCfg = Release|Any CPU
		{C3AB734D-34D2-43C6-A5F5-D32E48498C62}.Release|Any CPU.Build.0 = Release|Any CPU
	EndGlobalSection
	GlobalSection(SolutionProperties) = preSolution
		HideSolutionNode = FALSE
	EndGlobalSection
	GlobalSection(ExtensibilityGlobals) = postSolution
		SolutionGuid = {9E193405-F34F-4AF9-81D3-62E1556E5F34}
	EndGlobalSection
EndGlobal
